
Microsoft Visual Studio Solution File, Format Version 12.00
# Visual Studio Version 17
VisualStudioVersion = 17.0.31903.59
MinimumVisualStudioVersion = 10.0.40219.1
Project("{FAE04EC0-301F-11D3-BF4B-00C04F79EFBC}") = "API", "API\API.csproj", "{1FF8722F-E23F-46F3-8745-2B6948624F74}"
EndProject
Project("{FAE04EC0-301F-11D3-BF4B-00C04F79EFBC}") = "Application", "Application\Application.csproj", "{E23AE3F3-78C4-4D04-9C7B-C14622ED713D}"
EndProject
Project("{FAE04EC0-301F-11D3-BF4B-00C04F79EFBC}") = "Domain", "Domain\Domain.csproj", "{8C5DFFD2-942C-4E65-8165-CA30DD08B846}"
EndProject
Project("{FAE04EC0-301F-11D3-BF4B-00C04F79EFBC}") = "Persistence", "Persistence\Persistence.csproj", "{6A3F541F-3070-451F-8BD1-A06A5EAB256B}"
EndProject
Global
	GlobalSection(SolutionConfigurationPlatforms) = preSolution
		Debug|Any CPU = Debug|Any CPU
		Release|Any CPU = Release|Any CPU
	EndGlobalSection
	GlobalSection(SolutionProperties) = preSolution
		HideSolutionNode = FALSE
	EndGlobalSection
	GlobalSection(ProjectConfigurationPlatforms) = postSolution
		{1FF8722F-E23F-46F3-8745-2B6948624F74}.Debug|Any CPU.ActiveCfg = Debug|Any CPU
		{1FF8722F-E23F-46F3-8745-2B6948624F74}.Debug|Any CPU.Build.0 = Debug|Any CPU
		{1FF8722F-E23F-46F3-8745-2B6948624F74}.Release|Any CPU.ActiveCfg = Release|Any CPU
		{1FF8722F-E23F-46F3-8745-2B6948624F74}.Release|Any CPU.Build.0 = Release|Any CPU
		{E23AE3F3-78C4-4D04-9C7B-C14622ED713D}.Debug|Any CPU.ActiveCfg = Debug|Any CPU
		{E23AE3F3-78C4-4D04-9C7B-C14622ED713D}.Debug|Any CPU.Build.0 = Debug|Any CPU
		{E23AE3F3-78C4-4D04-9C7B-C14622ED713D}.Release|Any CPU.ActiveCfg = Release|Any CPU
		{E23AE3F3-78C4-4D04-9C7B-C14622ED713D}.Release|Any CPU.Build.0 = Release|Any CPU
		{8C5DFFD2-942C-4E65-8165-CA30DD08B846}.Debug|Any CPU.ActiveCfg = Debug|Any CPU
		{8C5DFFD2-942C-4E65-8165-CA30DD08B846}.Debug|Any CPU.Build.0 = Debug|Any CPU
		{8C5DFFD2-942C-4E65-8165-CA30DD08B846}.Release|Any CPU.ActiveCfg = Release|Any CPU
		{8C5DFFD2-942C-4E65-8165-CA30DD08B846}.Release|Any CPU.Build.0 = Release|Any CPU
		{6A3F541F-3070-451F-8BD1-A06A5EAB256B}.Debug|Any CPU.ActiveCfg = Debug|Any CPU
		{6A3F541F-3070-451F-8BD1-A06A5EAB256B}.Debug|Any CPU.Build.0 = Debug|Any CPU
		{6A3F541F-3070-451F-8BD1-A06A5EAB256B}.Release|Any CPU.ActiveCfg = Release|Any CPU
		{6A3F541F-3070-451F-8BD1-A06A5EAB256B}.Release|Any CPU.Build.0 = Release|Any CPU
	EndGlobalSection
EndGlobal
